
Microsoft Visual Studio Solution File, Format Version 12.00
# Visual Studio Version 17
VisualStudioVersion = 17.4.33122.133
MinimumVisualStudioVersion = 10.0.40219.1
Project("{FAE04EC0-301F-11D3-BF4B-00C04F79EFBC}") = "20122022 Home", "20122022 Home.csproj", "{C296ACD7-872A-4C5E-862D-543343E6FD65}"
EndProject
Global
	GlobalSection(SolutionConfigurationPlatforms) = preSolution
		Debug|Any CPU = Debug|Any CPU
		Release|Any CPU = Release|Any CPU
	EndGlobalSection
	GlobalSection(ProjectConfigurationPlatforms) = postSolution
		{C296ACD7-872A-4C5E-862D-543343E6FD65}.Debug|Any CPU.ActiveCfg = Debug|Any CPU
		{C296ACD7-872A-4C5E-862D-543343E6FD65}.Debug|Any CPU.Build.0 = Debug|Any CPU
		{C296ACD7-872A-4C5E-862D-543343E6FD65}.Release|Any CPU.ActiveCfg = Release|Any CPU
		{C296ACD7-872A-4C5E-862D-543343E6FD65}.Release|Any CPU.Build.0 = Release|Any CPU
	EndGlobalSection
	GlobalSection(SolutionProperties) = preSolution
		HideSolutionNode = FALSE
	EndGlobalSection
	GlobalSection(ExtensibilityGlobals) = postSolution
		SolutionGuid = {E9B1A55B-0FAB-4B9A-8241-5D1BD81BFBD2}
	EndGlobalSection
EndGlobal
